
Microsoft Visual Studio Solution File, Format Version 12.00
# Visual Studio Version 16
VisualStudioVersion = 16.0.32630.194
MinimumVisualStudioVersion = 10.0.40219.1
Project("{FAE04EC0-301F-11D3-BF4B-00C04F79EFBC}") = "SignWithBitcoinInCSharp", "SignWithBitcoinInCSharp\SignWithBitcoinInCSharp.csproj", "{4C26C6E6-7F9D-4A03-BC03-36B6D18D31DE}"
EndProject
Global
	GlobalSection(SolutionConfigurationPlatforms) = preSolution
		Debug|Any CPU = Debug|Any CPU
		Release|Any CPU = Release|Any CPU
	EndGlobalSection
	GlobalSection(ProjectConfigurationPlatforms) = postSolution
		{4C26C6E6-7F9D-4A03-BC03-36B6D18D31DE}.Debug|Any CPU.ActiveCfg = Debug|Any CPU
		{4C26C6E6-7F9D-4A03-BC03-36B6D18D31DE}.Debug|Any CPU.Build.0 = Debug|Any CPU
		{4C26C6E6-7F9D-4A03-BC03-36B6D18D31DE}.Release|Any CPU.ActiveCfg = Release|Any CPU
		{4C26C6E6-7F9D-4A03-BC03-36B6D18D31DE}.Release|Any CPU.Build.0 = Release|Any CPU
	EndGlobalSection
	GlobalSection(SolutionProperties) = preSolution
		HideSolutionNode = FALSE
	EndGlobalSection
	GlobalSection(ExtensibilityGlobals) = postSolution
		SolutionGuid = {8405BF9E-9AC7-4D20-82DB-2B44B14C02BE}
	EndGlobalSection
EndGlobal
